
Microsoft Visual Studio Solution File, Format Version 12.00
# Visual Studio Version 17
VisualStudioVersion = 17.4.33205.214
MinimumVisualStudioVersion = 10.0.40219.1
Project("{9A19103F-16F7-4668-BE54-9A1E7A4F7556}") = "MagicVilla_VillaAPI", "MagicVilla_VillaAPI\MagicVilla_VillaAPI.csproj", "{1C66338C-59F1-4540-9954-D0791BA9A9D1}"
EndProject
Project("{FAE04EC0-301F-11D3-BF4B-00C04F79EFBC}") = "MagicVilla_Web", "MagicVilla_Web\MagicVilla_Web.csproj", "{CDC9EAF6-2DEA-4470-90E7-729EEA1770FD}"
EndProject
Project("{FAE04EC0-301F-11D3-BF4B-00C04F79EFBC}") = "MagicVilla_Utility", "ClassLibrary1\MagicVilla_Utility.csproj", "{504C049C-0123-41D2-A14A-3885C23B0045}"
EndProject
Global
	GlobalSection(SolutionConfigurationPlatforms) = preSolution
		Debug|Any CPU = Debug|Any CPU
		Release|Any CPU = Release|Any CPU
	EndGlobalSection
	GlobalSection(ProjectConfigurationPlatforms) = postSolution
		{1C66338C-59F1-4540-9954-D0791BA9A9D1}.Debug|Any CPU.ActiveCfg = Debug|Any CPU
		{1C66338C-59F1-4540-9954-D0791BA9A9D1}.Debug|Any CPU.Build.0 = Debug|Any CPU
		{1C66338C-59F1-4540-9954-D0791BA9A9D1}.Release|Any CPU.ActiveCfg = Release|Any CPU
		{1C66338C-59F1-4540-9954-D0791BA9A9D1}.Release|Any CPU.Build.0 = Release|Any CPU
		{CDC9EAF6-2DEA-4470-90E7-729EEA1770FD}.Debug|Any CPU.ActiveCfg = Debug|Any CPU
		{CDC9EAF6-2DEA-4470-90E7-729EEA1770FD}.Debug|Any CPU.Build.0 = Debug|Any CPU
		{CDC9EAF6-2DEA-4470-90E7-729EEA1770FD}.Release|Any CPU.ActiveCfg = Release|Any CPU
		{CDC9EAF6-2DEA-4470-90E7-729EEA1770FD}.Release|Any CPU.Build.0 = Release|Any CPU
		{504C049C-0123-41D2-A14A-3885C23B0045}.Debug|Any CPU.ActiveCfg = Debug|Any CPU
		{504C049C-0123-41D2-A14A-3885C23B0045}.Debug|Any CPU.Build.0 = Debug|Any CPU
		{504C049C-0123-41D2-A14A-3885C23B0045}.Release|Any CPU.ActiveCfg = Release|Any CPU
		{504C049C-0123-41D2-A14A-3885C23B0045}.Release|Any CPU.Build.0 = Release|Any CPU
	EndGlobalSection
	GlobalSection(SolutionProperties) = preSolution
		HideSolutionNode = FALSE
	EndGlobalSection
	GlobalSection(ExtensibilityGlobals) = postSolution
		SolutionGuid = {A0A80FA7-C4E1-4A4C-95B8-A0B4974D2994}
	EndGlobalSection
EndGlobal
